github.com/kavindu-prabhashitha/dog v0.0.0-20230903072039-5b84d407b4d7 h1:3CuwDe2cot4TDnbv1Zq+rgo1Vqbg08oEhRi9t286udk=
github.com/kavindu-prabhashitha/dog v0.0.0-20230903072039-5b84d407b4d7/go.mod h1:bJlu42WBaQhwbf0Icr331UnE51itd1td16Yo4uW99vE=
github.com/kavindu-prabhashitha/puppy v0.0.0-20230903064556-696a3eeda6d8 h1:CL0TVmB5p+4S6sevZSYCAfx1bpDapi1KEkjQOc5R5oc=
github.com/kavindu-prabhashitha/puppy v0.0.0-20230903064556-696a3eeda6d8/go.mod h1:b2dppSDIBT2ModZQ70P7U80ZyBfUHOJYSwDO9Xz9dYE=
github.com/kavindu-prabhashitha/puppy v0.0.0-20230903072436-3d0aab0bceb6 h1:S+uWjbcdb8qPGqz+/XxGGbpWIhsEzlMFQICCS8l+CoQ=
github.com/kavindu-prabhashitha/puppy v0.0.0-20230903072436-3d0aab0bceb6/go.mod h1:whOwJi1nzwr4fQicMYPKzx5eP2Zy3uNWeULt/QUFm8M=
golang.org/x/exp v0.0.0-20230905200255-921286631fa9 h1:GoHiUyI/Tp2nVkLI2mCxVkOjsbSXD66ic0XW0js0R9g=
golang.org/x/exp v0.0.0-20230905200255-921286631fa9/go.mod h1:S2oDrQGGwySpoQPVqRShND87VCbxmc6bL1Yd2oYrm6k=
